// !$*UTF8*$!
{
	archiveVersion = 1;
	classes = {
	};
	objectVersion = 48;
	objects = {

/* Begin PBXBuildFile section */
		3C50C5971F8C76E800F41CB0 /* AppDelegate.m in Sources */ = {isa = PBXBuildFile; fileRef = 3C50C5961F8C76E800F41CB0 /* AppDelegate.m */; };
		3C50C59A1F8C76E800F41CB0 /* ViewController.m in Sources */ = {isa = PBXBuildFile; fileRef = 3C50C5991F8C76E800F41CB0 /* ViewController.m */; };
		3C50C59D1F8C76E800F41CB0 /* Main.storyboard in Resources */ = {isa = PBXBuildFile; fileRef = 3C50C59B1F8C76E800F41CB0 /* Main.storyboard */; };
		3C50C59F1F8C76E800F41CB0 /* Assets.xcassets in Resources */ = {isa = PBXBuildFile; fileRef = 3C50C59E1F8C76E800F41CB0 /* Assets.xcassets */; };
		3C50C5A21F8C76E800F41CB0 /* LaunchScreen.storyboard in Resources */ = {isa = PBXBuildFile; fileRef = 3C50C5A01F8C76E800F41CB0 /* LaunchScreen.storyboard */; };
		3C50C5A51F8C76E800F41CB0 /* main.m in Sources */ = {isa = PBXBuildFile; fileRef = 3C50C5A41F8C76E800F41CB0 /* main.m */; };
		3C50C5AF1F8C76E800F41CB0 /* _01podsaTests.m in Sources */ = {isa = PBXBuildFile; fileRef = 3C50C5AE1F8C76E800F41CB0 /* _01podsaTests.m */; };
		3C50C5BA1F8C76E800F41CB0 /* _01podsaUITests.m in Sources */ = {isa = PBXBuildFile; fileRef = 3C50C5B91F8C76E800F41CB0 /* _01podsaUITests.m */; };
		3C50C5C91F8C770400F41CB0 /* UIButton+KCButton.m in Sources */ = {isa = PBXBuildFile; fileRef = 3C50C5C81F8C770400F41CB0 /* UIButton+KCButton.m */; };
		3C50C5CF1F8C7CA000F41CB0 /* 101podsa.m in Sources */ = {isa = PBXBuildFile; fileRef = 3C50C5CE1F8C7CA000F41CB0 /* 101podsa.m */; };
/* End PBXBuildFile section */

/* Begin PBXContainerItemProxy section */
		3C50C5AB1F8C76E800F41CB0 /* PBXContainerItemProxy */ = {
			isa = PBXContainerItemProxy;
			containerPortal = 3C50C58A1F8C76E700F41CB0 /* Project object */;
			proxyType = 1;
			remoteGlobalIDString = 3C50C5911F8C76E800F41CB0;
			remoteInfo = 101podsa;
		};
		3C50C5B61F8C76E800F41CB0 /* PBXContainerItemProxy */ = {
			isa = PBXContainerItemProxy;
			containerPortal = 3C50C58A1F8C76E700F41CB0 /* Project object */;
			proxyType = 1;
			remoteGlobalIDString = 3C50C5911F8C76E800F41CB0;
			remoteInfo = 101podsa;
		};
/* End PBXContainerItemProxy section */

/* Begin PBXFileReference section */
		3C50C5921F8C76E800F41CB0 /* 101podsa.app */ = {isa = PBXFileReference; explicitFileType = wrapper.application; includeInIndex = 0; path = 101podsa.app; sourceTree = BUILT_PRODUCTS_DIR; };
		3C50C5951F8C76E800F41CB0 /* AppDelegate.h */ = {isa = PBXFileReference; lastKnownFileType = sourcecode.c.h; path = AppDelegate.h; sourceTree = "<group>"; };
		3C50C5961F8C76E800F41CB0 /* AppDelegate.m */ = {isa = PBXFileReference; lastKnownFileType = sourcecode.c.objc; path = AppDelegate.m; sourceTree = "<group>"; };
		3C50C5981F8C76E800F41CB0 /* ViewController.h */ = {isa = PBXFileReference; lastKnownFileType = sourcecode.c.h; path = ViewController.h; sourceTree = "<group>"; };
		3C50C5991F8C76E800F41CB0 /* ViewController.m */ = {isa = PBXFileReference; lastKnownFileType = sourcecode.c.objc; path = ViewController.m; sourceTree = "<group>"; };
		3C50C59C1F8C76E800F41CB0 /* Base */ = {isa = PBXFileReference; lastKnownFileType = file.storyboard; name = Base; path = Base.lproj/Main.storyboard; sourceTree = "<group>"; };
		3C50C59E1F8C76E800F41CB0 /* Assets.xcassets */ = {isa = PBXFileReference; lastKnownFileType = folder.assetcatalog; path = Assets.xcassets; sourceTree = "<group>"; };
		3C50C5A11F8C76E800F41CB0 /* Base */ = {isa = PBXFileReference; lastKnownFileType = file.storyboard; name = Base; path = Base.lproj/LaunchScreen.storyboard; sourceTree = "<group>"; };
		3C50C5A31F8C76E800F41CB0 /* Info.plist */ = {isa = PBXFileReference; lastKnownFileType = text.plist.xml; path = Info.plist; sourceTree = "<group>"; };
		3C50C5A41F8C76E800F41CB0 /* main.m */ = {isa = PBXFileReference; lastKnownFileType = sourcecode.c.objc; path = main.m; sourceTree = "<group>"; };
		3C50C5AA1F8C76E800F41CB0 /* 101podsaTests.xctest */ = {isa = PBXFileReference; explicitFileType = wrapper.cfbundle; includeInIndex = 0; path = 101podsaTests.xctest; sourceTree = BUILT_PRODUCTS_DIR; };
		3C50C5AE1F8C76E800F41CB0 /* _01podsaTests.m */ = {isa = PBXFileReference; lastKnownFileType = sourcecode.c.objc; path = _01podsaTests.m; sourceTree = "<group>"; };
		3C50C5B01F8C76E800F41CB0 /* Info.plist */ = {isa = PBXFileReference; lastKnownFileType = text.plist.xml; path = Info.plist; sourceTree = "<group>"; };
		3C50C5B51F8C76E800F41CB0 /* 101podsaUITests.xctest */ = {isa = PBXFileReference; explicitFileType = wrapper.cfbundle; includeInIndex = 0; path = 101podsaUITests.xctest; sourceTree = BUILT_PRODUCTS_DIR; };
		3C50C5B91F8C76E800F41CB0 /* _01podsaUITests.m */ = {isa = PBXFileReference; lastKnownFileType = sourcecode.c.objc; path = _01podsaUITests.m; sourceTree = "<group>"; };
		3C50C5BB1F8C76E800F41CB0 /* Info.plist */ = {isa = PBXFileReference; lastKnownFileType = text.plist.xml; path = Info.plist; sourceTree = "<group>"; };
		3C50C5C71F8C770400F41CB0 /* UIButton+KCButton.h */ = {isa = PBXFileReference; lastKnownFileType = sourcecode.c.h; path = "UIButton+KCButton.h"; sourceTree = "<group>"; };
		3C50C5C81F8C770400F41CB0 /* UIButton+KCButton.m */ = {isa = PBXFileReference; lastKnownFileType = sourcecode.c.objc; path = "UIButton+KCButton.m"; sourceTree = "<group>"; };
		3C50C5CD1F8C7CA000F41CB0 /* 101podsa.h */ = {isa = PBXFileReference; lastKnownFileType = sourcecode.c.h; path = 101podsa.h; sourceTree = "<group>"; };
		3C50C5CE1F8C7CA000F41CB0 /* 101podsa.m */ = {isa = PBXFileReference; lastKnownFileType = sourcecode.c.objc; path = 101podsa.m; sourceTree = "<group>"; };
/* End PBXFileReference section */

/* Begin PBXFrameworksBuildPhase section */
		3C50C58F1F8C76E800F41CB0 /* Frameworks */ = {
			isa = PBXFrameworksBuildPhase;
			buildActionMask = 2147483647;
			files = (
			);
			runOnlyForDeploymentPostprocessing = 0;
		};
		3C50C5A71F8C76E800F41CB0 /* Frameworks */ = {
			isa = PBXFrameworksBuildPhase;
			buildActionMask = 2147483647;
			files = (
			);
			runOnlyForDeploymentPostprocessing = 0;
		};
		3C50C5B21F8C76E800F41CB0 /* Frameworks */ = {
			isa = PBXFrameworksBuildPhase;
			buildActionMask = 2147483647;
			files = (
			);
			runOnlyForDeploymentPostprocessing = 0;
		};
/* End PBXFrameworksBuildPhase section */

/* Begin PBXGroup section */
		3C50C5891F8C76E700F41CB0 = {
			isa = PBXGroup;
			children = (
				3C50C5941F8C76E800F41CB0 /* 101podsa */,
				3C50C5AD1F8C76E800F41CB0 /* 101podsaTests */,
				3C50C5B81F8C76E800F41CB0 /* 101podsaUITests */,
				3C50C5931F8C76E800F41CB0 /* Products */,
			);
			sourceTree = "<group>";
		};
		3C50C5931F8C76E800F41CB0 /* Products */ = {
			isa = PBXGroup;
			children = (
				3C50C5921F8C76E800F41CB0 /* 101podsa.app */,
				3C50C5AA1F8C76E800F41CB0 /* 101podsaTests.xctest */,
				3C50C5B51F8C76E800F41CB0 /* 101podsaUITests.xctest */,
			);
			name = Products;
			sourceTree = "<group>";
		};
		3C50C5941F8C76E800F41CB0 /* 101podsa */ = {
			isa = PBXGroup;
			children = (
				3C50C5951F8C76E800F41CB0 /* AppDelegate.h */,
				3C50C5961F8C76E800F41CB0 /* AppDelegate.m */,
				3C50C5CD1F8C7CA000F41CB0 /* 101podsa.h */,
				3C50C5CE1F8C7CA000F41CB0 /* 101podsa.m */,
				3C50C5C71F8C770400F41CB0 /* UIButton+KCButton.h */,
				3C50C5C81F8C770400F41CB0 /* UIButton+KCButton.m */,
				3C50C5981F8C76E800F41CB0 /* ViewController.h */,
				3C50C5991F8C76E800F41CB0 /* ViewController.m */,
				3C50C59B1F8C76E800F41CB0 /* Main.storyboard */,
				3C50C59E1F8C76E800F41CB0 /* Assets.xcassets */,
				3C50C5A01F8C76E800F41CB0 /* LaunchScreen.storyboard */,
				3C50C5A31F8C76E800F41CB0 /* Info.plist */,
				3C50C5A41F8C76E800F41CB0 /* main.m */,
			);
			path = 101podsa;
			sourceTree = "<group>";
		};
		3C50C5AD1F8C76E800F41CB0 /* 101podsaTests */ = {
			isa = PBXGroup;
			children = (
				3C50C5AE1F8C76E800F41CB0 /* _01podsaTests.m */,
				3C50C5B01F8C76E800F41CB0 /* Info.plist */,
			);
			path = 101podsaTests;
			sourceTree = "<group>";
		};
		3C50C5B81F8C76E800F41CB0 /* 101podsaUITests */ = {
			isa = PBXGroup;
			children = (
				3C50C5B91F8C76E800F41CB0 /* _01podsaUITests.m */,
				3C50C5BB1F8C76E800F41CB0 /* Info.plist */,
			);
			path = 101podsaUITests;
			sourceTree = "<group>";
		};
/* End PBXGroup section */

/* Begin PBXNativeTarget section */
		3C50C5911F8C76E800F41CB0 /* 101podsa */ = {
			isa = PBXNativeTarget;
			buildConfigurationList = 3C50C5BE1F8C76E800F41CB0 /* Build configuration list for PBXNativeTarget "101podsa" */;
			buildPhases = (
				3C50C58E1F8C76E800F41CB0 /* Sources */,
				3C50C58F1F8C76E800F41CB0 /* Frameworks */,
				3C50C5901F8C76E800F41CB0 /* Resources */,
			);
			buildRules = (
			);
			dependencies = (
			);
			name = 101podsa;
			productName = 101podsa;
			productReference = 3C50C5921F8C76E800F41CB0 /* 101podsa.app */;
			productType = "com.apple.product-type.application";
		};
		3C50C5A91F8C76E800F41CB0 /* 101podsaTests */ = {
			isa = PBXNativeTarget;
			buildConfigurationList = 3C50C5C11F8C76E800F41CB0 /* Build configuration list for PBXNativeTarget "101podsaTests" */;
			buildPhases = (
				3C50C5A61F8C76E800F41CB0 /* Sources */,
				3C50C5A71F8C76E800F41CB0 /* Frameworks */,
				3C50C5A81F8C76E800F41CB0 /* Resources */,
			);
			buildRules = (
			);
			dependencies = (
				3C50C5AC1F8C76E800F41CB0 /* PBXTargetDependency */,
			);
			name = 101podsaTests;
			productName = 101podsaTests;
			productReference = 3C50C5AA1F8C76E800F41CB0 /* 101podsaTests.xctest */;
			productType = "com.apple.product-type.bundle.unit-test";
		};
		3C50C5B41F8C76E800F41CB0 /* 101podsaUITests */ = {
			isa = PBXNativeTarget;
			buildConfigurationList = 3C50C5C41F8C76E800F41CB0 /* Build configuration list for PBXNativeTarget "101podsaUITests" */;
			buildPhases = (
				3C50C5B11F8C76E800F41CB0 /* Sources */,
				3C50C5B21F8C76E800F41CB0 /* Frameworks */,
				3C50C5B31F8C76E800F41CB0 /* Resources */,
			);
			buildRules = (
			);
			dependencies = (
				3C50C5B71F8C76E800F41CB0 /* PBXTargetDependency */,
			);
			name = 101podsaUITests;
			productName = 101podsaUITests;
			productReference = 3C50C5B51F8C76E800F41CB0 /* 101podsaUITests.xctest */;
			productType = "com.apple.product-type.bundle.ui-testing";
		};
/* End PBXNativeTarget section */

/* Begin PBXProject section */
		3C50C58A1F8C76E700F41CB0 /* Project object */ = {
			isa = PBXProject;
			attributes = {
				LastUpgradeCheck = 0900;
				ORGANIZATIONNAME = KC;
				TargetAttributes = {
					3C50C5911F8C76E800F41CB0 = {
						CreatedOnToolsVersion = 9.0;
						ProvisioningStyle = Automatic;
					};
					3C50C5A91F8C76E800F41CB0 = {
						CreatedOnToolsVersion = 9.0;
						ProvisioningStyle = Automatic;
						TestTargetID = 3C50C5911F8C76E800F41CB0;
					};
					3C50C5B41F8C76E800F41CB0 = {
						CreatedOnToolsVersion = 9.0;
						ProvisioningStyle = Automatic;
						TestTargetID = 3C50C5911F8C76E800F41CB0;
					};
				};
			};
			buildConfigurationList = 3C50C58D1F8C76E700F41CB0 /* Build configuration list for PBXProject "101podsa" */;
			compatibilityVersion = "Xcode 8.0";
			developmentRegion = en;
			hasScannedForEncodings = 0;
			knownRegions = (
				en,
				Base,
			);
			mainGroup = 3C50C5891F8C76E700F41CB0;
			productRefGroup = 3C50C5931F8C76E800F41CB0 /* Products */;
			projectDirPath = "";
			projectRoot = "";
			targets = (
				3C50C5911F8C76E800F41CB0 /* 101podsa */,
				3C50C5A91F8C76E800F41CB0 /* 101podsaTests */,
				3C50C5B41F8C76E800F41CB0 /* 101podsaUITests */,
			);
		};
/* End PBXProject section */

/* Begin PBXResourcesBuildPhase section */
		3C50C5901F8C76E800F41CB0 /* Resources */ = {
			isa = PBXResourcesBuildPhase;
			buildActionMask = 2147483647;
			files = (
				3C50C5A21F8C76E800F41CB0 /* LaunchScreen.storyboard in Resources */,
				3C50C59F1F8C76E800F41CB0 /* Assets.xcassets in Resources */,
				3C50C59D1F8C76E800F41CB0 /* Main.storyboard in Resources */,
			);
			runOnlyForDeploymentPostprocessing = 0;
		};
		3C50C5A81F8C76E800F41CB0 /* Resources */ = {
			isa = PBXResourcesBuildPhase;
			buildActionMask = 2147483647;
			files = (
			);
			runOnlyForDeploymentPostprocessing = 0;
		};
		3C50C5B31F8C76E800F41CB0 /* Resources */ = {
			isa = PBXResourcesBuildPhase;
			buildActionMask = 2147483647;
			files = (
			);
			runOnlyForDeploymentPostprocessing = 0;
		};
/* End PBXResourcesBuildPhase section */

/* Begin PBXSourcesBuildPhase section */
		3C50C58E1F8C76E800F41CB0 /* Sources */ = {
			isa = PBXSourcesBuildPhase;
			buildActionMask = 2147483647;
			files = (
				3C50C59A1F8C76E800F41CB0 /* ViewController.m in Sources */,
				3C50C5C91F8C770400F41CB0 /* UIButton+KCButton.m in Sources */,
				3C50C5CF1F8C7CA000F41CB0 /* 101podsa.m in Sources */,
				3C50C5A51F8C76E800F41CB0 /* main.m in Sources */,
				3C50C5971F8C76E800F41CB0 /* AppDelegate.m in Sources */,
			);
			runOnlyForDeploymentPostprocessing = 0;
		};
		3C50C5A61F8C76E800F41CB0 /* Sources */ = {
			isa = PBXSourcesBuildPhase;
			buildActionMask = 2147483647;
			files = (
				3C50C5AF1F8C76E800F41CB0 /* _01podsaTests.m in Sources */,
			);
			runOnlyForDeploymentPostprocessing = 0;
		};
		3C50C5B11F8C76E800F41CB0 /* Sources */ = {
			isa = PBXSourcesBuildPhase;
			buildActionMask = 2147483647;
			files = (
				3C50C5BA1F8C76E800F41CB0 /* _01podsaUITests.m in Sources */,
			);
			runOnlyForDeploymentPostprocessing = 0;
		};
/* End PBXSourcesBuildPhase section */

/* Begin PBXTargetDependency section */
		3C50C5AC1F8C76E800F41CB0 /* PBXTargetDependency */ = {
			isa = PBXTargetDependency;
			target = 3C50C5911F8C76E800F41CB0 /* 101podsa */;
			targetProxy = 3C50C5AB1F8C76E800F41CB0 /* PBXContainerItemProxy */;
		};
		3C50C5B71F8C76E800F41CB0 /* PBXTargetDependency */ = {
			isa = PBXTargetDependency;
			target = 3C50C5911F8C76E800F41CB0 /* 101podsa */;
			targetProxy = 3C50C5B61F8C76E800F41CB0 /* PBXContainerItemProxy */;
		};
/* End PBXTargetDependency section */

/* Begin PBXVariantGroup section */
		3C50C59B1F8C76E800F41CB0 /* Main.storyboard */ = {
			isa = PBXVariantGroup;
			children = (
				3C50C59C1F8C76E800F41CB0 /* Base */,
			);
			name = Main.storyboard;
			sourceTree = "<group>";
		};
		3C50C5A01F8C76E800F41CB0 /* LaunchScreen.storyboard */ = {
			isa = PBXVariantGroup;
			children = (
				3C50C5A11F8C76E800F41CB0 /* Base */,
			);
			name = LaunchScreen.storyboard;
			sourceTree = "<group>";
		};
/* End PBXVariantGroup section */

/* Begin XCBuildConfiguration section */
		3C50C5BC1F8C76E800F41CB0 /* Debug */ = {
			isa = XCBuildConfiguration;
			buildSettings = {
				ALWAYS_SEARCH_USER_PATHS = NO;
				CLANG_ANALYZER_NONNULL = YES;
				CLANG_ANALYZER_NUMBER_OBJECT_CONVERSION = YES_AGGRESSIVE;
				CLANG_CXX_LANGUAGE_STANDARD = "gnu++14";
				CLANG_CXX_LIBRARY = "libc++";
				CLANG_ENABLE_MODULES = YES;
				CLANG_ENABLE_OBJC_ARC = YES;
				CLANG_WARN_BLOCK_CAPTURE_AUTORELEASING = YES;
				CLANG_WARN_BOOL_CONVERSION = YES;
				CLANG_WARN_COMMA = YES;
				CLANG_WARN_CONSTANT_CONVERSION = YES;
				CLANG_WARN_DIRECT_OBJC_ISA_USAGE = YES_ERROR;
				CLANG_WARN_DOCUMENTATION_COMMENTS = YES;
				CLANG_WARN_EMPTY_BODY = YES;
				CLANG_WARN_ENUM_CONVERSION = YES;
				CLANG_WARN_INFINITE_RECURSION = YES;
				CLANG_WARN_INT_CONVERSION = YES;
				CLANG_WARN_NON_LITERAL_NULL_CONVERSION = YES;
				CLANG_WARN_OBJC_LITERAL_CONVERSION = YES;
				CLANG_WARN_OBJC_ROOT_CLASS = YES_ERROR;
				CLANG_WARN_RANGE_LOOP_ANALYSIS = YES;
				CLANG_WARN_STRICT_PROTOTYPES = YES;
				CLANG_WARN_SUSPICIOUS_MOVE = YES;
				CLANG_WARN_UNGUARDED_AVAILABILITY = YES_AGGRESSIVE;
				CLANG_WARN_UNREACHABLE_CODE = YES;
				CLANG_WARN__DUPLICATE_METHOD_MATCH = YES;
				CODE_SIGN_IDENTITY = "iPhone Developer";
				COPY_PHASE_STRIP = NO;
				DEBUG_INFORMATION_FORMAT = dwarf;
				ENABLE_STRICT_OBJC_MSGSEND = YES;
				ENABLE_TESTABILITY = YES;
				GCC_C_LANGUAGE_STANDARD = gnu11;
				GCC_DYNAMIC_NO_PIC = NO;
				GCC_NO_COMMON_BLOCKS = YES;
				GCC_OPTIMIZATION_LEVEL = 0;
				GCC_PREPROCESSOR_DEFINITIONS = (
					"DEBUG=1",
					"$(inherited)",
				);
				GCC_WARN_64_TO_32_BIT_CONVERSION = YES;
				GCC_WARN_ABOUT_RETURN_TYPE = YES_ERROR;
				GCC_WARN_UNDECLARED_SELECTOR = YES;
				GCC_WARN_UNINITIALIZED_AUTOS = YES_AGGRESSIVE;
				GCC_WARN_UNUSED_FUNCTION = YES;
				GCC_WARN_UNUSED_VARIABLE = YES;
				IPHONEOS_DEPLOYMENT_TARGET = 11.0;
				MTL_ENABLE_DEBUG_INFO = YES;
				ONLY_ACTIVE_ARCH = YES;
				SDKROOT = iphoneos;
			};
			name = Debug;
		};
		3C50C5BD1F8C76E800F41CB0 /* Release */ = {
			isa = XCBuildConfiguration;
			buildSettings = {
				ALWAYS_SEARCH_USER_PATHS = NO;
				CLANG_ANALYZER_NONNULL = YES;
				CLANG_ANALYZER_NUMBER_OBJECT_CONVERSION = YES_AGGRESSIVE;
				CLANG_CXX_LANGUAGE_STANDARD = "gnu++14";
				CLANG_CXX_LIBRARY = "libc++";
				CLANG_ENABLE_MODULES = YES;
				CLANG_ENABLE_OBJC_ARC = YES;
				CLANG_WARN_BLOCK_CAPTURE_AUTORELEASING = YES;
				CLANG_WARN_BOOL_CONVERSION = YES;
				CLANG_WARN_COMMA = YES;
				CLANG_WARN_CONSTANT_CONVERSION = YES;
				CLANG_WARN_DIRECT_OBJC_ISA_USAGE = YES_ERROR;
				CLANG_WARN_DOCUMENTATION_COMMENTS = YES;
				CLANG_WARN_EMPTY_BODY = YES;
				CLANG_WARN_ENUM_CONVERSION = YES;
				CLANG_WARN_INFINITE_RECURSION = YES;
				CLANG_WARN_INT_CONVERSION = YES;
				CLANG_WARN_NON_LITERAL_NULL_CONVERSION = YES;
				CLANG_WARN_OBJC_LITERAL_CONVERSION = YES;
				CLANG_WARN_OBJC_ROOT_CLASS = YES_ERROR;
				CLANG_WARN_RANGE_LOOP_ANALYSIS = YES;
				CLANG_WARN_STRICT_PROTOTYPES = YES;
				CLANG_WARN_SUSPICIOUS_MOVE = YES;
				CLANG_WARN_UNGUARDED_AVAILABILITY = YES_AGGRESSIVE;
				CLANG_WARN_UNREACHABLE_CODE = YES;
				CLANG_WARN__DUPLICATE_METHOD_MATCH = YES;
				CODE_SIGN_IDENTITY = "iPhone Developer";
				COPY_PHASE_STRIP = NO;
				DEBUG_INFORMATION_FORMAT = "dwarf-with-dsym";
				ENABLE_NS_ASSERTIONS = NO;
				ENABLE_STRICT_OBJC_MSGSEND = YES;
				GCC_C_LANGUAGE_STANDARD = gnu11;
				GCC_NO_COMMON_BLOCKS = YES;
				GCC_WARN_64_TO_32_BIT_CONVERSION = YES;
				GCC_WARN_ABOUT_RETURN_TYPE = YES_ERROR;
				GCC_WARN_UNDECLARED_SELECTOR = YES;
				GCC_WARN_UNINITIALIZED_AUTOS = YES_AGGRESSIVE;
				GCC_WARN_UNUSED_FUNCTION = YES;
				GCC_WARN_UNUSED_VARIABLE = YES;
				IPHONEOS_DEPLOYMENT_TARGET = 11.0;
				MTL_ENABLE_DEBUG_INFO = NO;
				SDKROOT = iphoneos;
				VALIDATE_PRODUCT = YES;
			};
			name = Release;
		};
		3C50C5BF1F8C76E800F41CB0 /* Debug */ = {
			isa = XCBuildConfiguration;
			buildSettings = {
				ASSETCATALOG_COMPILER_APPICON_NAME = AppIcon;
				CODE_SIGN_STYLE = Automatic;
				DEVELOPMENT_TEAM = ENX4LDMS3K;
				INFOPLIST_FILE = 101podsa/Info.plist;
				LD_RUNPATH_SEARCH_PATHS = "$(inherited) @executable_path/Frameworks";
				PRODUCT_BUNDLE_IDENTIFIER = "KC.-01podsa";
				PRODUCT_NAME = "$(TARGET_NAME)";
				TARGETED_DEVICE_FAMILY = "1,2";
			};
			name = Debug;
		};
		3C50C5C01F8C76E800F41CB0 /* Release */ = {
			isa = XCBuildConfiguration;
			buildSettings = {
				ASSETCATALOG_COMPILER_APPICON_NAME = AppIcon;
				CODE_SIGN_STYLE = Automatic;
				DEVELOPMENT_TEAM = ENX4LDMS3K;
				INFOPLIST_FILE = 101podsa/Info.plist;
				LD_RUNPATH_SEARCH_PATHS = "$(inherited) @executable_path/Frameworks";
				PRODUCT_BUNDLE_IDENTIFIER = "KC.-01podsa";
				PRODUCT_NAME = "$(TARGET_NAME)";
				TARGETED_DEVICE_FAMILY = "1,2";
			};
			name = Release;
		};
		3C50C5C21F8C76E800F41CB0 /* Debug */ = {
			isa = XCBuildConfiguration;
			buildSettings = {
				BUNDLE_LOADER = "$(TEST_HOST)";
				CODE_SIGN_STYLE = Automatic;
				DEVELOPMENT_TEAM = ENX4LDMS3K;
				INFOPLIST_FILE = 101podsaTests/Info.plist;
				LD_RUNPATH_SEARCH_PATHS = "$(inherited) @executable_path/Frameworks @loader_path/Frameworks";
				PRODUCT_BUNDLE_IDENTIFIER = "KC.-01podsaTests";
				PRODUCT_NAME = "$(TARGET_NAME)";
				TARGETED_DEVICE_FAMILY = "1,2";
				TEST_HOST = "$(BUILT_PRODUCTS_DIR)/101podsa.app/101podsa";
			};
			name = Debug;
		};
		3C50C5C31F8C76E800F41CB0 /* Release */ = {
			isa = XCBuildConfiguration;
			buildSettings = {
				BUNDLE_LOADER = "$(TEST_HOST)";
				CODE_SIGN_STYLE = Automatic;
				DEVELOPMENT_TEAM = ENX4LDMS3K;
				INFOPLIST_FILE = 101podsaTests/Info.plist;
				LD_RUNPATH_SEARCH_PATHS = "$(inherited) @executable_path/Frameworks @loader_path/Frameworks";
				PRODUCT_BUNDLE_IDENTIFIER = "KC.-01podsaTests";
				PRODUCT_NAME = "$(TARGET_NAME)";
				TARGETED_DEVICE_FAMILY = "1,2";
				TEST_HOST = "$(BUILT_PRODUCTS_DIR)/101podsa.app/101podsa";
			};
			name = Release;
		};
		3C50C5C51F8C76E800F41CB0 /* Debug */ = {
			isa = XCBuildConfiguration;
			buildSettings = {
				CODE_SIGN_STYLE = Automatic;
				DEVELOPMENT_TEAM = ENX4LDMS3K;
				INFOPLIST_FILE = 101podsaUITests/Info.plist;
				LD_RUNPATH_SEARCH_PATHS = "$(inherited) @executable_path/Frameworks @loader_path/Frameworks";
				PRODUCT_BUNDLE_IDENTIFIER = "KC.-01podsaUITests";
				PRODUCT_NAME = "$(TARGET_NAME)";
				TARGETED_DEVICE_FAMILY = "1,2";
				TEST_TARGET_NAME = 101podsa;
			};
			name = Debug;
		};
		3C50C5C61F8C76E800F41CB0 /* Release */ = {
			isa = XCBuildConfiguration;
			buildSettings = {
				CODE_SIGN_STYLE = Automatic;
				DEVELOPMENT_TEAM = ENX4LDMS3K;
				INFOPLIST_FILE = 101podsaUITests/Info.plist;
				LD_RUNPATH_SEARCH_PATHS = "$(inherited) @executable_path/Frameworks @loader_path/Frameworks";
				PRODUCT_BUNDLE_IDENTIFIER = "KC.-01podsaUITests";
				PRODUCT_NAME = "$(TARGET_NAME)";
				TARGETED_DEVICE_FAMILY = "1,2";
				TEST_TARGET_NAME = 101podsa;
			};
			name = Release;
		};
/* End XCBuildConfiguration section */

/* Begin XCConfigurationList section */
		3C50C58D1F8C76E700F41CB0 /* Build configuration list for PBXProject "101podsa" */ = {
			isa = XCConfigurationList;
			buildConfigurations = (
				3C50C5BC1F8C76E800F41CB0 /* Debug */,
				3C50C5BD1F8C76E800F41CB0 /* Release */,
			);
			defaultConfigurationIsVisible = 0;
			defaultConfigurationName = Release;
		};
		3C50C5BE1F8C76E800F41CB0 /* Build configuration list for PBXNativeTarget "101podsa" */ = {
			isa = XCConfigurationList;
			buildConfigurations = (
				3C50C5BF1F8C76E800F41CB0 /* Debug */,
				3C50C5C01F8C76E800F41CB0 /* Release */,
			);
			defaultConfigurationIsVisible = 0;
			defaultConfigurationName = Release;
		};
		3C50C5C11F8C76E800F41CB0 /* Build configuration list for PBXNativeTarget "101podsaTests" */ = {
			isa = XCConfigurationList;
			buildConfigurations = (
				3C50C5C21F8C76E800F41CB0 /* Debug */,
				3C50C5C31F8C76E800F41CB0 /* Release */,
			);
			defaultConfigurationIsVisible = 0;
			defaultConfigurationName = Release;
		};
		3C50C5C41F8C76E800F41CB0 /* Build configuration list for PBXNativeTarget "101podsaUITests" */ = {
			isa = XCConfigurationList;
			buildConfigurations = (
				3C50C5C51F8C76E800F41CB0 /* Debug */,
				3C50C5C61F8C76E800F41CB0 /* Release */,
			);
			defaultConfigurationIsVisible = 0;
			defaultConfigurationName = Release;
		};
/* End XCConfigurationList section */
	};
	rootObject = 3C50C58A1F8C76E700F41CB0 /* Project object */;
}
